
Microsoft Visual Studio Solution File, Format Version 12.00
# Visual Studio 2013
VisualStudioVersion = 12.0.31101.0
MinimumVisualStudioVersion = 10.0.40219.1
Project("{8BC9CEB8-8B4A-11D0-8D11-00A0C91BC942}") = "TextBuddy", "TestBuddy\TestBuddy.vcxproj", "{44B1F715-1109-40ED-B961-12A90698BC63}"
EndProject
Project("{8BC9CEB8-8B4A-11D0-8D11-00A0C91BC942}") = "TextBuddyTest", "TextBuddyTest\TextBuddyTest.vcxproj", "{F50DCA6F-9C10-4B7D-9CD0-77612159602C}"
	ProjectSection(ProjectDependencies) = postProject
		{44B1F715-1109-40ED-B961-12A90698BC63} = {44B1F715-1109-40ED-B961-12A90698BC63}
	EndProjectSection
EndProject
Global
	GlobalSection(SolutionConfigurationPlatforms) = preSolution
		Debug|Win32 = Debug|Win32
		Release|Win32 = Release|Win32
	EndGlobalSection
	GlobalSection(ProjectConfigurationPlatforms) = postSolution
		{44B1F715-1109-40ED-B961-12A90698BC63}.Debug|Win32.ActiveCfg = Debug|Win32
		{44B1F715-1109-40ED-B961-12A90698BC63}.Debug|Win32.Build.0 = Debug|Win32
		{44B1F715-1109-40ED-B961-12A90698BC63}.Release|Win32.ActiveCfg = Release|Win32
		{44B1F715-1109-40ED-B961-12A90698BC63}.Release|Win32.Build.0 = Release|Win32
		{F50DCA6F-9C10-4B7D-9CD0-77612159602C}.Debug|Win32.ActiveCfg = Debug|Win32
		{F50DCA6F-9C10-4B7D-9CD0-77612159602C}.Debug|Win32.Build.0 = Debug|Win32
		{F50DCA6F-9C10-4B7D-9CD0-77612159602C}.Release|Win32.ActiveCfg = Release|Win32
		{F50DCA6F-9C10-4B7D-9CD0-77612159602C}.Release|Win32.Build.0 = Release|Win32
	EndGlobalSection
	GlobalSection(SolutionProperties) = preSolution
		HideSolutionNode = FALSE
	EndGlobalSection
	GlobalSection(Performance) = preSolution
		HasPerformanceSessions = true
	EndGlobalSection
EndGlobal
